
Microsoft Visual Studio Solution File, Format Version 12.00
# Visual Studio Version 16
VisualStudioVersion = 16.0.31321.278
MinimumVisualStudioVersion = 10.0.40219.1
Project("{FAE04EC0-301F-11D3-BF4B-00C04F79EFBC}") = "SortingAlgorithm_Idris", "SortingAlgorithm_Idris.csproj", "{39FD599E-5914-45C0-B757-0985E5E75F41}"
EndProject
Global
	GlobalSection(SolutionConfigurationPlatforms) = preSolution
		Debug|Any CPU = Debug|Any CPU
		Release|Any CPU = Release|Any CPU
	EndGlobalSection
	GlobalSection(ProjectConfigurationPlatforms) = postSolution
		{39FD599E-5914-45C0-B757-0985E5E75F41}.Debug|Any CPU.ActiveCfg = Debug|Any CPU
		{39FD599E-5914-45C0-B757-0985E5E75F41}.Debug|Any CPU.Build.0 = Debug|Any CPU
		{39FD599E-5914-45C0-B757-0985E5E75F41}.Release|Any CPU.ActiveCfg = Release|Any CPU
		{39FD599E-5914-45C0-B757-0985E5E75F41}.Release|Any CPU.Build.0 = Release|Any CPU
	EndGlobalSection
	GlobalSection(SolutionProperties) = preSolution
		HideSolutionNode = FALSE
	EndGlobalSection
	GlobalSection(ExtensibilityGlobals) = postSolution
		SolutionGuid = {E1059C66-5A24-419E-9FBF-49CBA894F488}
	EndGlobalSection
EndGlobal
